{
  "name": "node-spotify-cli",
  "version": "1.0.0",
  "lockfileVersion": 1,
  "requires": true,
  "dependencies": {
    "commander": {
      "version": "5.0.0",
      "resolved": "https://registry.npmjs.org/commander/-/commander-5.0.0.tgz",
      "integrity": "sha512-JrDGPAKjMGSP1G0DUoaceEJ3DZgAfr/q6X7FVk4+U5KxUSKviYGM2k6zWkfyyBHy5rAtzgYJFa1ro2O9PtoxwQ=="
    },
    "dbus": {
      "version": "1.0.7",
      "resolved": "https://registry.npmjs.org/dbus/-/dbus-1.0.7.tgz",
      "integrity": "sha512-qba6/ajLoqzCy3Kl3aFgLXLP4TTf0qfgNjib1qoCJG/8HbSs0lDvxkz4nJU63CURZVzxvpK/VpQpT40KA8Kr3A==",
      "optional": true,
      "requires": {
        "nan": "^2.14.0"
      }
    },
    "nan": {
      "version": "2.14.0",
      "resolved": "https://registry.npmjs.org/nan/-/nan-2.14.0.tgz",
      "integrity": "sha512-INOFj37C7k3AfaNTtX8RhsTw7qRy7eLET14cROi9+5HAVbbHuIWUHEauBv5qT4Av2tWasiTY1Jw6puUNqRJXQg==",
      "optional": true
    },
    "node-spotify-bus": {
      "version": "1.0.1",
      "resolved": "https://registry.npmjs.org/node-spotify-bus/-/node-spotify-bus-1.0.1.tgz",
      "integrity": "sha512-RygTbRk6/awCYDMFwcUY2b1w9BgkBRz1eVhqZvLBBSJjQ9cdS+0tq2rfmgfNTzsBmL2KRYAM62llDI3jkYlfLA==",
      "requires": {
        "dbus": "^1.0.7"
      }
    }
  }
}
